
Microsoft Visual Studio Solution File, Format Version 12.00
# Visual Studio 15
VisualStudioVersion = 15.0.26906.1
MinimumVisualStudioVersion = 10.0.40219.1
Project("{FAE04EC0-301F-11D3-BF4B-00C04F79EFBC}") = "ASPNETCoreExemplo", "ASPNETCoreExemplo\ASPNETCoreExemplo.csproj", "{8177BF62-5EA2-4DDA-AADD-0725CC2C9C0A}"
EndProject
Project("{E53339B2-1760-4266-BCC7-CA923CBCF16C}") = "docker-compose", "docker-compose.dcproj", "{8558F8BD-FFC1-4D89-8324-48D3DF5EACCC}"
EndProject
Global
	GlobalSection(SolutionConfigurationPlatforms) = preSolution
		Debug|Any CPU = Debug|Any CPU
		Release|Any CPU = Release|Any CPU
	EndGlobalSection
	GlobalSection(ProjectConfigurationPlatforms) = postSolution
		{8177BF62-5EA2-4DDA-AADD-0725CC2C9C0A}.Debug|Any CPU.ActiveCfg = Debug|Any CPU
		{8177BF62-5EA2-4DDA-AADD-0725CC2C9C0A}.Debug|Any CPU.Build.0 = Debug|Any CPU
		{8177BF62-5EA2-4DDA-AADD-0725CC2C9C0A}.Release|Any CPU.ActiveCfg = Release|Any CPU
		{8177BF62-5EA2-4DDA-AADD-0725CC2C9C0A}.Release|Any CPU.Build.0 = Release|Any CPU
		{8558F8BD-FFC1-4D89-8324-48D3DF5EACCC}.Debug|Any CPU.ActiveCfg = Debug|Any CPU
		{8558F8BD-FFC1-4D89-8324-48D3DF5EACCC}.Debug|Any CPU.Build.0 = Debug|Any CPU
		{8558F8BD-FFC1-4D89-8324-48D3DF5EACCC}.Release|Any CPU.ActiveCfg = Release|Any CPU
		{8558F8BD-FFC1-4D89-8324-48D3DF5EACCC}.Release|Any CPU.Build.0 = Release|Any CPU
	EndGlobalSection
	GlobalSection(SolutionProperties) = preSolution
		HideSolutionNode = FALSE
	EndGlobalSection
	GlobalSection(ExtensibilityGlobals) = postSolution
		SolutionGuid = {99AB6805-0830-4AEC-9A1D-1390D7FE2F0F}
	EndGlobalSection
EndGlobal
